
Microsoft Visual Studio Solution File, Format Version 12.00
# Visual Studio 15
VisualStudioVersion = 15.0.27703.2026
MinimumVisualStudioVersion = 10.0.40219.1
Project("{FAE04EC0-301F-11D3-BF4B-00C04F79EFBC}") = "sendApp", "sendApp\sendApp.csproj", "{280E78D0-71AD-4325-904C-4A564BF6DA90}"
EndProject
Project("{FAE04EC0-301F-11D3-BF4B-00C04F79EFBC}") = "myNetMq", "myNetMq\myNetMq.csproj", "{232639AA-D0CC-4CC2-9397-3865ECB5DA41}"
EndProject
Project("{FAE04EC0-301F-11D3-BF4B-00C04F79EFBC}") = "receiveApp", "receiveApp\receiveApp.csproj", "{982C7CEF-2FA5-459B-87D0-5C6A2886EBF5}"
EndProject
Project("{FAE04EC0-301F-11D3-BF4B-00C04F79EFBC}") = "testApp", "testApp\testApp.csproj", "{1CF1A0F7-7836-4798-AA1B-35942AD4FA7D}"
EndProject
Project("{FAE04EC0-301F-11D3-BF4B-00C04F79EFBC}") = "dataSum", "dataSum\dataSum.csproj", "{6DC2F3BB-1929-40C3-AD0C-EE1D9EF732DC}"
EndProject
Global
	GlobalSection(SolutionConfigurationPlatforms) = preSolution
		Debug|Any CPU = Debug|Any CPU
		Release|Any CPU = Release|Any CPU
	EndGlobalSection
	GlobalSection(ProjectConfigurationPlatforms) = postSolution
		{280E78D0-71AD-4325-904C-4A564BF6DA90}.Debug|Any CPU.ActiveCfg = Debug|Any CPU
		{280E78D0-71AD-4325-904C-4A564BF6DA90}.Debug|Any CPU.Build.0 = Debug|Any CPU
		{280E78D0-71AD-4325-904C-4A564BF6DA90}.Release|Any CPU.ActiveCfg = Release|Any CPU
		{280E78D0-71AD-4325-904C-4A564BF6DA90}.Release|Any CPU.Build.0 = Release|Any CPU
		{232639AA-D0CC-4CC2-9397-3865ECB5DA41}.Debug|Any CPU.ActiveCfg = Debug|Any CPU
		{232639AA-D0CC-4CC2-9397-3865ECB5DA41}.Debug|Any CPU.Build.0 = Debug|Any CPU
		{232639AA-D0CC-4CC2-9397-3865ECB5DA41}.Release|Any CPU.ActiveCfg = Release|Any CPU
		{232639AA-D0CC-4CC2-9397-3865ECB5DA41}.Release|Any CPU.Build.0 = Release|Any CPU
		{982C7CEF-2FA5-459B-87D0-5C6A2886EBF5}.Debug|Any CPU.ActiveCfg = Debug|Any CPU
		{982C7CEF-2FA5-459B-87D0-5C6A2886EBF5}.Debug|Any CPU.Build.0 = Debug|Any CPU
		{982C7CEF-2FA5-459B-87D0-5C6A2886EBF5}.Release|Any CPU.ActiveCfg = Release|Any CPU
		{982C7CEF-2FA5-459B-87D0-5C6A2886EBF5}.Release|Any CPU.Build.0 = Release|Any CPU
		{1CF1A0F7-7836-4798-AA1B-35942AD4FA7D}.Debug|Any CPU.ActiveCfg = Debug|Any CPU
		{1CF1A0F7-7836-4798-AA1B-35942AD4FA7D}.Debug|Any CPU.Build.0 = Debug|Any CPU
		{1CF1A0F7-7836-4798-AA1B-35942AD4FA7D}.Release|Any CPU.ActiveCfg = Release|Any CPU
		{1CF1A0F7-7836-4798-AA1B-35942AD4FA7D}.Release|Any CPU.Build.0 = Release|Any CPU
		{6DC2F3BB-1929-40C3-AD0C-EE1D9EF732DC}.Debug|Any CPU.ActiveCfg = Debug|Any CPU
		{6DC2F3BB-1929-40C3-AD0C-EE1D9EF732DC}.Debug|Any CPU.Build.0 = Debug|Any CPU
		{6DC2F3BB-1929-40C3-AD0C-EE1D9EF732DC}.Release|Any CPU.ActiveCfg = Release|Any CPU
		{6DC2F3BB-1929-40C3-AD0C-EE1D9EF732DC}.Release|Any CPU.Build.0 = Release|Any CPU
	EndGlobalSection
	GlobalSection(SolutionProperties) = preSolution
		HideSolutionNode = FALSE
	EndGlobalSection
	GlobalSection(ExtensibilityGlobals) = postSolution
		SolutionGuid = {1E92E2E2-5857-4000-A969-B889577F285B}
	EndGlobalSection
EndGlobal
